
Microsoft Visual Studio Solution File, Format Version 12.00
# Visual Studio 15
VisualStudioVersion = 15.0.27130.2020
MinimumVisualStudioVersion = 10.0.40219.1
Project("{FAE04EC0-301F-11D3-BF4B-00C04F79EFBC}") = "XRayAnalysis.Android", "XRayAnalysis\XRayAnalysis.Android\XRayAnalysis.Android.csproj", "{BCBFEC0F-F4B9-42E7-868B-4697AA4D4E8D}"
EndProject
Project("{FAE04EC0-301F-11D3-BF4B-00C04F79EFBC}") = "XRayAnalysis.iOS", "XRayAnalysis\XRayAnalysis.iOS\XRayAnalysis.iOS.csproj", "{807D60ED-ECF1-4024-8AF6-48E6BA3D656D}"
EndProject
Project("{FAE04EC0-301F-11D3-BF4B-00C04F79EFBC}") = "XRayAnalysis", "XRayAnalysis\XRayAnalysis\XRayAnalysis.csproj", "{08349E12-9557-4E69-9ACE-D8D50FDADA52}"
EndProject
Project("{FAE04EC0-301F-11D3-BF4B-00C04F79EFBC}") = "TensorFlowAndroid", "TensorFlowAndroid\TensorFlowAndroid.csproj", "{1D91E964-134C-406B-988D-6974D9FE5A95}"
EndProject
Project("{FAE04EC0-301F-11D3-BF4B-00C04F79EFBC}") = "ShareExtension", "ShareExtension\ShareExtension.csproj", "{3D14AC5F-AF3A-46C5-8D20-0C03BC4C19EC}"
EndProject
Global
	GlobalSection(SolutionConfigurationPlatforms) = preSolution
		Debug|Any CPU = Debug|Any CPU
		Debug|ARM = Debug|ARM
		Debug|iPhone = Debug|iPhone
		Debug|iPhoneSimulator = Debug|iPhoneSimulator
		Debug|x64 = Debug|x64
		Debug|x86 = Debug|x86
		Release|Any CPU = Release|Any CPU
		Release|ARM = Release|ARM
		Release|iPhone = Release|iPhone
		Release|iPhoneSimulator = Release|iPhoneSimulator
		Release|x64 = Release|x64
		Release|x86 = Release|x86
	EndGlobalSection
	GlobalSection(ProjectConfigurationPlatforms) = postSolution
		{BCBFEC0F-F4B9-42E7-868B-4697AA4D4E8D}.Debug|Any CPU.ActiveCfg = Debug|Any CPU
		{BCBFEC0F-F4B9-42E7-868B-4697AA4D4E8D}.Debug|Any CPU.Build.0 = Debug|Any CPU
		{BCBFEC0F-F4B9-42E7-868B-4697AA4D4E8D}.Debug|Any CPU.Deploy.0 = Debug|Any CPU
		{BCBFEC0F-F4B9-42E7-868B-4697AA4D4E8D}.Debug|ARM.ActiveCfg = Debug|Any CPU
		{BCBFEC0F-F4B9-42E7-868B-4697AA4D4E8D}.Debug|ARM.Build.0 = Debug|Any CPU
		{BCBFEC0F-F4B9-42E7-868B-4697AA4D4E8D}.Debug|ARM.Deploy.0 = Debug|Any CPU
		{BCBFEC0F-F4B9-42E7-868B-4697AA4D4E8D}.Debug|iPhone.ActiveCfg = Debug|Any CPU
		{BCBFEC0F-F4B9-42E7-868B-4697AA4D4E8D}.Debug|iPhone.Build.0 = Debug|Any CPU
		{BCBFEC0F-F4B9-42E7-868B-4697AA4D4E8D}.Debug|iPhone.Deploy.0 = Debug|Any CPU
		{BCBFEC0F-F4B9-42E7-868B-4697AA4D4E8D}.Debug|iPhoneSimulator.ActiveCfg = Debug|Any CPU
		{BCBFEC0F-F4B9-42E7-868B-4697AA4D4E8D}.Debug|iPhoneSimulator.Build.0 = Debug|Any CPU
		{BCBFEC0F-F4B9-42E7-868B-4697AA4D4E8D}.Debug|iPhoneSimulator.Deploy.0 = Debug|Any CPU
		{BCBFEC0F-F4B9-42E7-868B-4697AA4D4E8D}.Debug|x64.ActiveCfg = Debug|Any CPU
		{BCBFEC0F-F4B9-42E7-868B-4697AA4D4E8D}.Debug|x64.Build.0 = Debug|Any CPU
		{BCBFEC0F-F4B9-42E7-868B-4697AA4D4E8D}.Debug|x64.Deploy.0 = Debug|Any CPU
		{BCBFEC0F-F4B9-42E7-868B-4697AA4D4E8D}.Debug|x86.ActiveCfg = Debug|Any CPU
		{BCBFEC0F-F4B9-42E7-868B-4697AA4D4E8D}.Debug|x86.Build.0 = Debug|Any CPU
		{BCBFEC0F-F4B9-42E7-868B-4697AA4D4E8D}.Debug|x86.Deploy.0 = Debug|Any CPU
		{BCBFEC0F-F4B9-42E7-868B-4697AA4D4E8D}.Release|Any CPU.ActiveCfg = Release|Any CPU
		{BCBFEC0F-F4B9-42E7-868B-4697AA4D4E8D}.Release|Any CPU.Build.0 = Release|Any CPU
		{BCBFEC0F-F4B9-42E7-868B-4697AA4D4E8D}.Release|Any CPU.Deploy.0 = Release|Any CPU
		{BCBFEC0F-F4B9-42E7-868B-4697AA4D4E8D}.Release|ARM.ActiveCfg = Release|Any CPU
		{BCBFEC0F-F4B9-42E7-868B-4697AA4D4E8D}.Release|ARM.Build.0 = Release|Any CPU
		{BCBFEC0F-F4B9-42E7-868B-4697AA4D4E8D}.Release|ARM.Deploy.0 = Release|Any CPU
		{BCBFEC0F-F4B9-42E7-868B-4697AA4D4E8D}.Release|iPhone.ActiveCfg = Release|Any CPU
		{BCBFEC0F-F4B9-42E7-868B-4697AA4D4E8D}.Release|iPhone.Build.0 = Release|Any CPU
		{BCBFEC0F-F4B9-42E7-868B-4697AA4D4E8D}.Release|iPhone.Deploy.0 = Release|Any CPU
		{BCBFEC0F-F4B9-42E7-868B-4697AA4D4E8D}.Release|iPhoneSimulator.ActiveCfg = Release|Any CPU
		{BCBFEC0F-F4B9-42E7-868B-4697AA4D4E8D}.Release|iPhoneSimulator.Build.0 = Release|Any CPU
		{BCBFEC0F-F4B9-42E7-868B-4697AA4D4E8D}.Release|iPhoneSimulator.Deploy.0 = Release|Any CPU
		{BCBFEC0F-F4B9-42E7-868B-4697AA4D4E8D}.Release|x64.ActiveCfg = Release|Any CPU
		{BCBFEC0F-F4B9-42E7-868B-4697AA4D4E8D}.Release|x64.Build.0 = Release|Any CPU
		{BCBFEC0F-F4B9-42E7-868B-4697AA4D4E8D}.Release|x64.Deploy.0 = Release|Any CPU
		{BCBFEC0F-F4B9-42E7-868B-4697AA4D4E8D}.Release|x86.ActiveCfg = Release|Any CPU
		{BCBFEC0F-F4B9-42E7-868B-4697AA4D4E8D}.Release|x86.Build.0 = Release|Any CPU
		{BCBFEC0F-F4B9-42E7-868B-4697AA4D4E8D}.Release|x86.Deploy.0 = Release|Any CPU
		{807D60ED-ECF1-4024-8AF6-48E6BA3D656D}.Debug|Any CPU.ActiveCfg = Debug|iPhone
		{807D60ED-ECF1-4024-8AF6-48E6BA3D656D}.Debug|ARM.ActiveCfg = Debug|iPhone
		{807D60ED-ECF1-4024-8AF6-48E6BA3D656D}.Debug|iPhone.ActiveCfg = Debug|iPhone
		{807D60ED-ECF1-4024-8AF6-48E6BA3D656D}.Debug|iPhone.Build.0 = Debug|iPhone
		{807D60ED-ECF1-4024-8AF6-48E6BA3D656D}.Debug|iPhoneSimulator.ActiveCfg = Debug|iPhoneSimulator
		{807D60ED-ECF1-4024-8AF6-48E6BA3D656D}.Debug|iPhoneSimulator.Build.0 = Debug|iPhoneSimulator
		{807D60ED-ECF1-4024-8AF6-48E6BA3D656D}.Debug|x64.ActiveCfg = Debug|iPhone
		{807D60ED-ECF1-4024-8AF6-48E6BA3D656D}.Debug|x86.ActiveCfg = Debug|iPhone
		{807D60ED-ECF1-4024-8AF6-48E6BA3D656D}.Release|Any CPU.ActiveCfg = Release|iPhone
		{807D60ED-ECF1-4024-8AF6-48E6BA3D656D}.Release|ARM.ActiveCfg = Release|iPhone
		{807D60ED-ECF1-4024-8AF6-48E6BA3D656D}.Release|iPhone.ActiveCfg = Release|iPhone
		{807D60ED-ECF1-4024-8AF6-48E6BA3D656D}.Release|iPhone.Build.0 = Release|iPhone
		{807D60ED-ECF1-4024-8AF6-48E6BA3D656D}.Release|iPhoneSimulator.ActiveCfg = Release|iPhoneSimulator
		{807D60ED-ECF1-4024-8AF6-48E6BA3D656D}.Release|iPhoneSimulator.Build.0 = Release|iPhoneSimulator
		{807D60ED-ECF1-4024-8AF6-48E6BA3D656D}.Release|x64.ActiveCfg = Release|iPhone
		{807D60ED-ECF1-4024-8AF6-48E6BA3D656D}.Release|x86.ActiveCfg = Release|iPhone
		{08349E12-9557-4E69-9ACE-D8D50FDADA52}.Debug|Any CPU.ActiveCfg = Debug|Any CPU
		{08349E12-9557-4E69-9ACE-D8D50FDADA52}.Debug|Any CPU.Build.0 = Debug|Any CPU
		{08349E12-9557-4E69-9ACE-D8D50FDADA52}.Debug|ARM.ActiveCfg = Debug|Any CPU
		{08349E12-9557-4E69-9ACE-D8D50FDADA52}.Debug|ARM.Build.0 = Debug|Any CPU
		{08349E12-9557-4E69-9ACE-D8D50FDADA52}.Debug|iPhone.ActiveCfg = Debug|Any CPU
		{08349E12-9557-4E69-9ACE-D8D50FDADA52}.Debug|iPhone.Build.0 = Debug|Any CPU
		{08349E12-9557-4E69-9ACE-D8D50FDADA52}.Debug|iPhoneSimulator.ActiveCfg = Debug|Any CPU
		{08349E12-9557-4E69-9ACE-D8D50FDADA52}.Debug|iPhoneSimulator.Build.0 = Debug|Any CPU
		{08349E12-9557-4E69-9ACE-D8D50FDADA52}.Debug|x64.ActiveCfg = Debug|Any CPU
		{08349E12-9557-4E69-9ACE-D8D50FDADA52}.Debug|x64.Build.0 = Debug|Any CPU
		{08349E12-9557-4E69-9ACE-D8D50FDADA52}.Debug|x86.ActiveCfg = Debug|Any CPU
		{08349E12-9557-4E69-9ACE-D8D50FDADA52}.Debug|x86.Build.0 = Debug|Any CPU
		{08349E12-9557-4E69-9ACE-D8D50FDADA52}.Release|Any CPU.ActiveCfg = Release|Any CPU
		{08349E12-9557-4E69-9ACE-D8D50FDADA52}.Release|Any CPU.Build.0 = Release|Any CPU
		{08349E12-9557-4E69-9ACE-D8D50FDADA52}.Release|ARM.ActiveCfg = Release|Any CPU
		{08349E12-9557-4E69-9ACE-D8D50FDADA52}.Release|ARM.Build.0 = Release|Any CPU
		{08349E12-9557-4E69-9ACE-D8D50FDADA52}.Release|iPhone.ActiveCfg = Release|Any CPU
		{08349E12-9557-4E69-9ACE-D8D50FDADA52}.Release|iPhone.Build.0 = Release|Any CPU
		{08349E12-9557-4E69-9ACE-D8D50FDADA52}.Release|iPhoneSimulator.ActiveCfg = Release|Any CPU
		{08349E12-9557-4E69-9ACE-D8D50FDADA52}.Release|iPhoneSimulator.Build.0 = Release|Any CPU
		{08349E12-9557-4E69-9ACE-D8D50FDADA52}.Release|x64.ActiveCfg = Release|Any CPU
		{08349E12-9557-4E69-9ACE-D8D50FDADA52}.Release|x64.Build.0 = Release|Any CPU
		{08349E12-9557-4E69-9ACE-D8D50FDADA52}.Release|x86.ActiveCfg = Release|Any CPU
		{08349E12-9557-4E69-9ACE-D8D50FDADA52}.Release|x86.Build.0 = Release|Any CPU
		{1D91E964-134C-406B-988D-6974D9FE5A95}.Debug|Any CPU.ActiveCfg = Debug|Any CPU
		{1D91E964-134C-406B-988D-6974D9FE5A95}.Debug|Any CPU.Build.0 = Debug|Any CPU
		{1D91E964-134C-406B-988D-6974D9FE5A95}.Debug|ARM.ActiveCfg = Debug|Any CPU
		{1D91E964-134C-406B-988D-6974D9FE5A95}.Debug|ARM.Build.0 = Debug|Any CPU
		{1D91E964-134C-406B-988D-6974D9FE5A95}.Debug|iPhone.ActiveCfg = Debug|Any CPU
		{1D91E964-134C-406B-988D-6974D9FE5A95}.Debug|iPhone.Build.0 = Debug|Any CPU
		{1D91E964-134C-406B-988D-6974D9FE5A95}.Debug|iPhoneSimulator.ActiveCfg = Debug|Any CPU
		{1D91E964-134C-406B-988D-6974D9FE5A95}.Debug|iPhoneSimulator.Build.0 = Debug|Any CPU
		{1D91E964-134C-406B-988D-6974D9FE5A95}.Debug|x64.ActiveCfg = Debug|Any CPU
		{1D91E964-134C-406B-988D-6974D9FE5A95}.Debug|x64.Build.0 = Debug|Any CPU
		{1D91E964-134C-406B-988D-6974D9FE5A95}.Debug|x86.ActiveCfg = Debug|Any CPU
		{1D91E964-134C-406B-988D-6974D9FE5A95}.Debug|x86.Build.0 = Debug|Any CPU
		{1D91E964-134C-406B-988D-6974D9FE5A95}.Release|Any CPU.ActiveCfg = Release|Any CPU
		{1D91E964-134C-406B-988D-6974D9FE5A95}.Release|Any CPU.Build.0 = Release|Any CPU
		{1D91E964-134C-406B-988D-6974D9FE5A95}.Release|ARM.ActiveCfg = Release|Any CPU
		{1D91E964-134C-406B-988D-6974D9FE5A95}.Release|ARM.Build.0 = Release|Any CPU
		{1D91E964-134C-406B-988D-6974D9FE5A95}.Release|iPhone.ActiveCfg = Release|Any CPU
		{1D91E964-134C-406B-988D-6974D9FE5A95}.Release|iPhone.Build.0 = Release|Any CPU
		{1D91E964-134C-406B-988D-6974D9FE5A95}.Release|iPhoneSimulator.ActiveCfg = Release|Any CPU
		{1D91E964-134C-406B-988D-6974D9FE5A95}.Release|iPhoneSimulator.Build.0 = Release|Any CPU
		{1D91E964-134C-406B-988D-6974D9FE5A95}.Release|x64.ActiveCfg = Release|Any CPU
		{1D91E964-134C-406B-988D-6974D9FE5A95}.Release|x64.Build.0 = Release|Any CPU
		{1D91E964-134C-406B-988D-6974D9FE5A95}.Release|x86.ActiveCfg = Release|Any CPU
		{1D91E964-134C-406B-988D-6974D9FE5A95}.Release|x86.Build.0 = Release|Any CPU
		{3D14AC5F-AF3A-46C5-8D20-0C03BC4C19EC}.Debug|Any CPU.ActiveCfg = Debug|iPhoneSimulator
		{3D14AC5F-AF3A-46C5-8D20-0C03BC4C19EC}.Debug|Any CPU.Build.0 = Debug|iPhoneSimulator
		{3D14AC5F-AF3A-46C5-8D20-0C03BC4C19EC}.Debug|ARM.ActiveCfg = Debug|iPhoneSimulator
		{3D14AC5F-AF3A-46C5-8D20-0C03BC4C19EC}.Debug|ARM.Build.0 = Debug|iPhoneSimulator
		{3D14AC5F-AF3A-46C5-8D20-0C03BC4C19EC}.Debug|iPhone.ActiveCfg = Debug|iPhone
		{3D14AC5F-AF3A-46C5-8D20-0C03BC4C19EC}.Debug|iPhone.Build.0 = Debug|iPhone
		{3D14AC5F-AF3A-46C5-8D20-0C03BC4C19EC}.Debug|iPhoneSimulator.ActiveCfg = Debug|iPhoneSimulator
		{3D14AC5F-AF3A-46C5-8D20-0C03BC4C19EC}.Debug|iPhoneSimulator.Build.0 = Debug|iPhoneSimulator
		{3D14AC5F-AF3A-46C5-8D20-0C03BC4C19EC}.Debug|x64.ActiveCfg = Debug|iPhoneSimulator
		{3D14AC5F-AF3A-46C5-8D20-0C03BC4C19EC}.Debug|x64.Build.0 = Debug|iPhoneSimulator
		{3D14AC5F-AF3A-46C5-8D20-0C03BC4C19EC}.Debug|x86.ActiveCfg = Debug|iPhoneSimulator
		{3D14AC5F-AF3A-46C5-8D20-0C03BC4C19EC}.Debug|x86.Build.0 = Debug|iPhoneSimulator
		{3D14AC5F-AF3A-46C5-8D20-0C03BC4C19EC}.Release|Any CPU.ActiveCfg = Release|iPhone
		{3D14AC5F-AF3A-46C5-8D20-0C03BC4C19EC}.Release|Any CPU.Build.0 = Release|iPhone
		{3D14AC5F-AF3A-46C5-8D20-0C03BC4C19EC}.Release|ARM.ActiveCfg = Release|iPhone
		{3D14AC5F-AF3A-46C5-8D20-0C03BC4C19EC}.Release|ARM.Build.0 = Release|iPhone
		{3D14AC5F-AF3A-46C5-8D20-0C03BC4C19EC}.Release|iPhone.ActiveCfg = Release|iPhone
		{3D14AC5F-AF3A-46C5-8D20-0C03BC4C19EC}.Release|iPhone.Build.0 = Release|iPhone
		{3D14AC5F-AF3A-46C5-8D20-0C03BC4C19EC}.Release|iPhoneSimulator.ActiveCfg = Release|iPhoneSimulator
		{3D14AC5F-AF3A-46C5-8D20-0C03BC4C19EC}.Release|iPhoneSimulator.Build.0 = Release|iPhoneSimulator
		{3D14AC5F-AF3A-46C5-8D20-0C03BC4C19EC}.Release|x64.ActiveCfg = Release|iPhone
		{3D14AC5F-AF3A-46C5-8D20-0C03BC4C19EC}.Release|x64.Build.0 = Release|iPhone
		{3D14AC5F-AF3A-46C5-8D20-0C03BC4C19EC}.Release|x86.ActiveCfg = Release|iPhone
		{3D14AC5F-AF3A-46C5-8D20-0C03BC4C19EC}.Release|x86.Build.0 = Release|iPhone
	EndGlobalSection
	GlobalSection(SolutionProperties) = preSolution
		HideSolutionNode = FALSE
	EndGlobalSection
	GlobalSection(ExtensibilityGlobals) = postSolution
		SolutionGuid = {EDA1EB04-2ECD-4E88-A96B-B12599157933}
	EndGlobalSection
EndGlobal
